
Microsoft Visual Studio Solution File, Format Version 12.00
# Visual Studio Version 16
VisualStudioVersion = 16.0.29324.140
MinimumVisualStudioVersion = 10.0.40219.1
Project("{8BC9CEB8-8B4A-11D0-8D11-00A0C91BC942}") = "RenderingEngine", "RenderingEngine.vcxproj", "{E90911DC-2809-4456-8FFE-D143791D9ADC}"
EndProject
Global
	GlobalSection(SolutionConfigurationPlatforms) = preSolution
		Debug|x64 = Debug|x64
		Debug|x86 = Debug|x86
		Release|x64 = Release|x64
		Release|x86 = Release|x86
	EndGlobalSection
	GlobalSection(ProjectConfigurationPlatforms) = postSolution
		{E90911DC-2809-4456-8FFE-D143791D9ADC}.Debug|x64.ActiveCfg = Debug|x64
		{E90911DC-2809-4456-8FFE-D143791D9ADC}.Debug|x64.Build.0 = Debug|x64
		{E90911DC-2809-4456-8FFE-D143791D9ADC}.Debug|x86.ActiveCfg = Debug|Win32
		{E90911DC-2809-4456-8FFE-D143791D9ADC}.Debug|x86.Build.0 = Debug|Win32
		{E90911DC-2809-4456-8FFE-D143791D9ADC}.Release|x64.ActiveCfg = Release|x64
		{E90911DC-2809-4456-8FFE-D143791D9ADC}.Release|x64.Build.0 = Release|x64
		{E90911DC-2809-4456-8FFE-D143791D9ADC}.Release|x86.ActiveCfg = Release|Win32
		{E90911DC-2809-4456-8FFE-D143791D9ADC}.Release|x86.Build.0 = Release|Win32
	EndGlobalSection
	GlobalSection(SolutionProperties) = preSolution
		HideSolutionNode = FALSE
	EndGlobalSection
	GlobalSection(ExtensibilityGlobals) = postSolution
		SolutionGuid = {40E00343-BBF9-407B-98F8-EA0B74C69D39}
	EndGlobalSection
EndGlobal
